
Microsoft Visual Studio Solution File, Format Version 12.00
# Visual Studio Version 16
VisualStudioVersion = 16.0.30626.31
MinimumVisualStudioVersion = 10.0.40219.1
Project("{9A19103F-16F7-4668-BE54-9A1E7A4F7556}") = "ForMyLove", "ForMyLove\ForMyLove.csproj", "{0F88EBAA-47F5-40CA-9E64-8FD8744A218D}"
EndProject
Global
	GlobalSection(SolutionConfigurationPlatforms) = preSolution
		Debug|Any CPU = Debug|Any CPU
		Release|Any CPU = Release|Any CPU
	EndGlobalSection
	GlobalSection(ProjectConfigurationPlatforms) = postSolution
		{0F88EBAA-47F5-40CA-9E64-8FD8744A218D}.Debug|Any CPU.ActiveCfg = Debug|Any CPU
		{0F88EBAA-47F5-40CA-9E64-8FD8744A218D}.Debug|Any CPU.Build.0 = Debug|Any CPU
		{0F88EBAA-47F5-40CA-9E64-8FD8744A218D}.Release|Any CPU.ActiveCfg = Release|Any CPU
		{0F88EBAA-47F5-40CA-9E64-8FD8744A218D}.Release|Any CPU.Build.0 = Release|Any CPU
	EndGlobalSection
	GlobalSection(SolutionProperties) = preSolution
		HideSolutionNode = FALSE
	EndGlobalSection
	GlobalSection(ExtensibilityGlobals) = postSolution
		SolutionGuid = {5414B4DE-F19D-41E4-990B-E3E72FD653AE}
	EndGlobalSection
EndGlobal
